
Microsoft Visual Studio Solution File, Format Version 12.00
# Visual Studio Version 16
VisualStudioVersion = 16.0.30517.126
MinimumVisualStudioVersion = 10.0.40219.1
Project("{FAE04EC0-301F-11D3-BF4B-00C04F79EFBC}") = "YKKH_Module", "YKKH_Module\YKKH_Module.csproj", "{B36B6E9F-E93B-4587-A434-0C2A319F46C2}"
EndProject
Global
	GlobalSection(SolutionConfigurationPlatforms) = preSolution
		Debug|Any CPU = Debug|Any CPU
		Release|Any CPU = Release|Any CPU
	EndGlobalSection
	GlobalSection(ProjectConfigurationPlatforms) = postSolution
		{B36B6E9F-E93B-4587-A434-0C2A319F46C2}.Debug|Any CPU.ActiveCfg = Debug|Any CPU
		{B36B6E9F-E93B-4587-A434-0C2A319F46C2}.Debug|Any CPU.Build.0 = Debug|Any CPU
		{B36B6E9F-E93B-4587-A434-0C2A319F46C2}.Release|Any CPU.ActiveCfg = Release|Any CPU
		{B36B6E9F-E93B-4587-A434-0C2A319F46C2}.Release|Any CPU.Build.0 = Release|Any CPU
	EndGlobalSection
	GlobalSection(SolutionProperties) = preSolution
		HideSolutionNode = FALSE
	EndGlobalSection
	GlobalSection(ExtensibilityGlobals) = postSolution
		SolutionGuid = {96F2035D-260D-4A9E-9D19-0F1F449DC594}
	EndGlobalSection
EndGlobal
